<Solution>
  <Project Path="Lesson1_1_html_giris/Lesson1_1_html_giris.csproj" Id="fcadeeef-38f8-48cc-9fbe-b00063b5fd27" />
  <Project Path="Lesson1_2_Html_CSS/Lesson1_2_Html_CSS.csproj" Id="5ea395a1-5e46-4e56-934d-37b8d9f073e0" />
  <Project Path="Lesson2_1_HTML_CSS/Lesson2_1_HTML_CSS.csproj" Id="5957cd6c-7e37-4afa-8d8f-fef899673ca6" />
  <Project Path="Lesson2_2_css_class_id/Lesson2_2_css_class_id.csproj" Id="e98d6a05-ca36-46cd-a664-62b53e6ab688" />
  <Project Path="Lesson3_1_css_class_id/Lesson3_1_css_class_id.csproj" Id="bc042b82-14ce-47ad-86dd-6b53bf4c50a7" />
  <Project Path="Lesson4_1_javascript_giris/Lesson4_1_javascript_giris.csproj" Id="8f2912bf-0a58-42ba-88df-4c1cc46816e3" />
  <Project Path="Lesson4_2_javascript_ornek/Lesson4_2_javascript_ornek.csproj" Id="7e91d7f1-0dae-4d4a-8f1a-fbfba2989390" />
  <Project Path="Lesson5_1_js_tag_class/Lesson5_1_js_tag_class.csproj" Id="3a554258-43dc-4652-9599-bb6d65d1c0ce" />
  <Project Path="Lesson5_2_js_ornek/Lesson5_2_js_ornek.csproj" Id="da94aa6d-c8f2-4b44-a2a1-5332cfc7d1cc" />
</Solution>
